// !$*UTF8*$!
{
	archiveVersion = 1;
	classes = {
	};
	objectVersion = 46;
	objects = {

/* Begin PBXBuildFile section */
		078206701A1C432500293D9F /* AppDelegate.swift in Sources */ = {isa = PBXBuildFile; fileRef = 0782066F1A1C432500293D9F /* AppDelegate.swift */; };
		078206721A1C432500293D9F /* ViewController.swift in Sources */ = {isa = PBXBuildFile; fileRef = 078206711A1C432500293D9F /* ViewController.swift */; };
		078206751A1C432500293D9F /* Main.storyboard in Resources */ = {isa = PBXBuildFile; fileRef = 078206731A1C432500293D9F /* Main.storyboard */; };
		078206771A1C432500293D9F /* Images.xcassets in Resources */ = {isa = PBXBuildFile; fileRef = 078206761A1C432500293D9F /* Images.xcassets */; };
		0782067A1A1C432500293D9F /* LaunchScreen.xib in Resources */ = {isa = PBXBuildFile; fileRef = 078206781A1C432500293D9F /* LaunchScreen.xib */; };
		078206861A1C432500293D9F /* test01Tests.swift in Sources */ = {isa = PBXBuildFile; fileRef = 078206851A1C432500293D9F /* test01Tests.swift */; };
/* End PBXBuildFile section */

/* Begin PBXContainerItemProxy section */
		078206801A1C432500293D9F /* PBXContainerItemProxy */ = {
			isa = PBXContainerItemProxy;
			containerPortal = 078206621A1C432500293D9F /* Project object */;
			proxyType = 1;
			remoteGlobalIDString = 078206691A1C432500293D9F;
			remoteInfo = test01;
		};
/* End PBXContainerItemProxy section */

/* Begin PBXFileReference section */
		0782066A1A1C432500293D9F /* test01.app */ = {isa = PBXFileReference; explicitFileType = wrapper.application; includeInIndex = 0; path = test01.app; sourceTree = BUILT_PRODUCTS_DIR; };
		0782066E1A1C432500293D9F /* Info.plist */ = {isa = PBXFileReference; lastKnownFileType = text.plist.xml; path = Info.plist; sourceTree = "<group>"; };
		0782066F1A1C432500293D9F /* AppDelegate.swift */ = {isa = PBXFileReference; lastKnownFileType = sourcecode.swift; path = AppDelegate.swift; sourceTree = "<group>"; };
		078206711A1C432500293D9F /* ViewController.swift */ = {isa = PBXFileReference; lastKnownFileType = sourcecode.swift; path = ViewController.swift; sourceTree = "<group>"; };
		078206741A1C432500293D9F /* Base */ = {isa = PBXFileReference; lastKnownFileType = file.storyboard; name = Base; path = Base.lproj/Main.storyboard; sourceTree = "<group>"; };
		078206761A1C432500293D9F /* Images.xcassets */ = {isa = PBXFileReference; lastKnownFileType = folder.assetcatalog; path = Images.xcassets; sourceTree = "<group>"; };
		078206791A1C432500293D9F /* Base */ = {isa = PBXFileReference; lastKnownFileType = file.xib; name = Base; path = Base.lproj/LaunchScreen.xib; sourceTree = "<group>"; };
		0782067F1A1C432500293D9F /* test01Tests.xctest */ = {isa = PBXFileReference; explicitFileType = wrapper.cfbundle; includeInIndex = 0; path = test01Tests.xctest; sourceTree = BUILT_PRODUCTS_DIR; };
		078206841A1C432500293D9F /* Info.plist */ = {isa = PBXFileReference; lastKnownFileType = text.plist.xml; path = Info.plist; sourceTree = "<group>"; };
		078206851A1C432500293D9F /* test01Tests.swift */ = {isa = PBXFileReference; lastKnownFileType = sourcecode.swift; path = test01Tests.swift; sourceTree = "<group>"; };
/* End PBXFileReference section */

/* Begin PBXFrameworksBuildPhase section */
		078206671A1C432500293D9F /* Frameworks */ = {
			isa = PBXFrameworksBuildPhase;
			buildActionMask = 2147483647;
			files = (
			);
			runOnlyForDeploymentPostprocessing = 0;
		};
		0782067C1A1C432500293D9F /* Frameworks */ = {
			isa = PBXFrameworksBuildPhase;
			buildActionMask = 2147483647;
			files = (
			);
			runOnlyForDeploymentPostprocessing = 0;
		};
/* End PBXFrameworksBuildPhase section */

/* Begin PBXGroup section */
		078206611A1C432500293D9F = {
			isa = PBXGroup;
			children = (
				0782066C1A1C432500293D9F /* test01 */,
				078206821A1C432500293D9F /* test01Tests */,
				0782066B1A1C432500293D9F /* Products */,
			);
			sourceTree = "<group>";
		};
		0782066B1A1C432500293D9F /* Products */ = {
			isa = PBXGroup;
			children = (
				0782066A1A1C432500293D9F /* test01.app */,
				0782067F1A1C432500293D9F /* test01Tests.xctest */,
			);
			name = Products;
			sourceTree = "<group>";
		};
		0782066C1A1C432500293D9F /* test01 */ = {
			isa = PBXGroup;
			children = (
				0782066F1A1C432500293D9F /* AppDelegate.swift */,
				078206711A1C432500293D9F /* ViewController.swift */,
				078206731A1C432500293D9F /* Main.storyboard */,
				078206761A1C432500293D9F /* Images.xcassets */,
				078206781A1C432500293D9F /* LaunchScreen.xib */,
				0782066D1A1C432500293D9F /* Supporting Files */,
			);
			path = test01;
			sourceTree = "<group>";
		};
		0782066D1A1C432500293D9F /* Supporting Files */ = {
			isa = PBXGroup;
			children = (
				0782066E1A1C432500293D9F /* Info.plist */,
			);
			name = "Supporting Files";
			sourceTree = "<group>";
		};
		078206821A1C432500293D9F /* test01Tests */ = {
			isa = PBXGroup;
			children = (
				078206851A1C432500293D9F /* test01Tests.swift */,
				078206831A1C432500293D9F /* Supporting Files */,
			);
			path = test01Tests;
			sourceTree = "<group>";
		};
		078206831A1C432500293D9F /* Supporting Files */ = {
			isa = PBXGroup;
			children = (
				078206841A1C432500293D9F /* Info.plist */,
			);
			name = "Supporting Files";
			sourceTree = "<group>";
		};
/* End PBXGroup section */

/* Begin PBXNativeTarget section */
		078206691A1C432500293D9F /* test01 */ = {
			isa = PBXNativeTarget;
			buildConfigurationList = 078206891A1C432500293D9F /* Build configuration list for PBXNativeTarget "test01" */;
			buildPhases = (
				078206661A1C432500293D9F /* Sources */,
				078206671A1C432500293D9F /* Frameworks */,
				078206681A1C432500293D9F /* Resources */,
			);
			buildRules = (
			);
			dependencies = (
			);
			name = test01;
			productName = test01;
			productReference = 0782066A1A1C432500293D9F /* test01.app */;
			productType = "com.apple.product-type.application";
		};
		0782067E1A1C432500293D9F /* test01Tests */ = {
			isa = PBXNativeTarget;
			buildConfigurationList = 0782068C1A1C432500293D9F /* Build configuration list for PBXNativeTarget "test01Tests" */;
			buildPhases = (
				0782067B1A1C432500293D9F /* Sources */,
				0782067C1A1C432500293D9F /* Frameworks */,
				0782067D1A1C432500293D9F /* Resources */,
			);
			buildRules = (
			);
			dependencies = (
				078206811A1C432500293D9F /* PBXTargetDependency */,
			);
			name = test01Tests;
			productName = test01Tests;
			productReference = 0782067F1A1C432500293D9F /* test01Tests.xctest */;
			productType = "com.apple.product-type.bundle.unit-test";
		};
/* End PBXNativeTarget section */

/* Begin PBXProject section */
		078206621A1C432500293D9F /* Project object */ = {
			isa = PBXProject;
			attributes = {
				LastUpgradeCheck = 0610;
				ORGANIZATIONNAME = Jairosoft;
				TargetAttributes = {
					078206691A1C432500293D9F = {
						CreatedOnToolsVersion = 6.1;
					};
					0782067E1A1C432500293D9F = {
						CreatedOnToolsVersion = 6.1;
						TestTargetID = 078206691A1C432500293D9F;
					};
				};
			};
			buildConfigurationList = 078206651A1C432500293D9F /* Build configuration list for PBXProject "test01" */;
			compatibilityVersion = "Xcode 3.2";
			developmentRegion = English;
			hasScannedForEncodings = 0;
			knownRegions = (
				en,
				Base,
			);
			mainGroup = 078206611A1C432500293D9F;
			productRefGroup = 0782066B1A1C432500293D9F /* Products */;
			projectDirPath = "";
			projectRoot = "";
			targets = (
				078206691A1C432500293D9F /* test01 */,
				0782067E1A1C432500293D9F /* test01Tests */,
			);
		};
/* End PBXProject section */

/* Begin PBXResourcesBuildPhase section */
		078206681A1C432500293D9F /* Resources */ = {
			isa = PBXResourcesBuildPhase;
			buildActionMask = 2147483647;
			files = (
				078206751A1C432500293D9F /* Main.storyboard in Resources */,
				0782067A1A1C432500293D9F /* LaunchScreen.xib in Resources */,
				078206771A1C432500293D9F /* Images.xcassets in Resources */,
			);
			runOnlyForDeploymentPostprocessing = 0;
		};
		0782067D1A1C432500293D9F /* Resources */ = {
			isa = PBXResourcesBuildPhase;
			buildActionMask = 2147483647;
			files = (
			);
			runOnlyForDeploymentPostprocessing = 0;
		};
/* End PBXResourcesBuildPhase section */

/* Begin PBXSourcesBuildPhase section */
		078206661A1C432500293D9F /* Sources */ = {
			isa = PBXSourcesBuildPhase;
			buildActionMask = 2147483647;
			files = (
				078206721A1C432500293D9F /* ViewController.swift in Sources */,
				078206701A1C432500293D9F /* AppDelegate.swift in Sources */,
			);
			runOnlyForDeploymentPostprocessing = 0;
		};
		0782067B1A1C432500293D9F /* Sources */ = {
			isa = PBXSourcesBuildPhase;
			buildActionMask = 2147483647;
			files = (
				078206861A1C432500293D9F /* test01Tests.swift in Sources */,
			);
			runOnlyForDeploymentPostprocessing = 0;
		};
/* End PBXSourcesBuildPhase section */

/* Begin PBXTargetDependency section */
		078206811A1C432500293D9F /* PBXTargetDependency */ = {
			isa = PBXTargetDependency;
			target = 078206691A1C432500293D9F /* test01 */;
			targetProxy = 078206801A1C432500293D9F /* PBXContainerItemProxy */;
		};
/* End PBXTargetDependency section */

/* Begin PBXVariantGroup section */
		078206731A1C432500293D9F /* Main.storyboard */ = {
			isa = PBXVariantGroup;
			children = (
				078206741A1C432500293D9F /* Base */,
			);
			name = Main.storyboard;
			sourceTree = "<group>";
		};
		078206781A1C432500293D9F /* LaunchScreen.xib */ = {
			isa = PBXVariantGroup;
			children = (
				078206791A1C432500293D9F /* Base */,
			);
			name = LaunchScreen.xib;
			sourceTree = "<group>";
		};
/* End PBXVariantGroup section */

/* Begin XCBuildConfiguration section */
		078206871A1C432500293D9F /* Debug */ = {
			isa = XCBuildConfiguration;
			buildSettings = {
				ALWAYS_SEARCH_USER_PATHS = NO;
				CLANG_CXX_LANGUAGE_STANDARD = "gnu++0x";
				CLANG_CXX_LIBRARY = "libc++";
				CLANG_ENABLE_MODULES = YES;
				CLANG_ENABLE_OBJC_ARC = YES;
				CLANG_WARN_BOOL_CONVERSION = YES;
				CLANG_WARN_CONSTANT_CONVERSION = YES;
				CLANG_WARN_DIRECT_OBJC_ISA_USAGE = YES_ERROR;
				CLANG_WARN_EMPTY_BODY = YES;
				CLANG_WARN_ENUM_CONVERSION = YES;
				CLANG_WARN_INT_CONVERSION = YES;
				CLANG_WARN_OBJC_ROOT_CLASS = YES_ERROR;
				CLANG_WARN_UNREACHABLE_CODE = YES;
				CLANG_WARN__DUPLICATE_METHOD_MATCH = YES;
				"CODE_SIGN_IDENTITY[sdk=iphoneos*]" = "iPhone Developer";
				COPY_PHASE_STRIP = NO;
				ENABLE_STRICT_OBJC_MSGSEND = YES;
				GCC_C_LANGUAGE_STANDARD = gnu99;
				GCC_DYNAMIC_NO_PIC = NO;
				GCC_OPTIMIZATION_LEVEL = 0;
				GCC_PREPROCESSOR_DEFINITIONS = (
					"DEBUG=1",
					"$(inherited)",
				);
				GCC_SYMBOLS_PRIVATE_EXTERN = NO;
				GCC_WARN_64_TO_32_BIT_CONVERSION = YES;
				GCC_WARN_ABOUT_RETURN_TYPE = YES_ERROR;
				GCC_WARN_UNDECLARED_SELECTOR = YES;
				GCC_WARN_UNINITIALIZED_AUTOS = YES_AGGRESSIVE;
				GCC_WARN_UNUSED_FUNCTION = YES;
				GCC_WARN_UNUSED_VARIABLE = YES;
				IPHONEOS_DEPLOYMENT_TARGET = 8.1;
				MTL_ENABLE_DEBUG_INFO = YES;
				ONLY_ACTIVE_ARCH = YES;
				SDKROOT = iphoneos;
				SWIFT_OPTIMIZATION_LEVEL = "-Onone";
			};
			name = Debug;
		};
		078206881A1C432500293D9F /* Release */ = {
			isa = XCBuildConfiguration;
			buildSettings = {
				ALWAYS_SEARCH_USER_PATHS = NO;
				CLANG_CXX_LANGUAGE_STANDARD = "gnu++0x";
				CLANG_CXX_LIBRARY = "libc++";
				CLANG_ENABLE_MODULES = YES;
				CLANG_ENABLE_OBJC_ARC = YES;
				CLANG_WARN_BOOL_CONVERSION = YES;
				CLANG_WARN_CONSTANT_CONVERSION = YES;
				CLANG_WARN_DIRECT_OBJC_ISA_USAGE = YES_ERROR;
				CLANG_WARN_EMPTY_BODY = YES;
				CLANG_WARN_ENUM_CONVERSION = YES;
				CLANG_WARN_INT_CONVERSION = YES;
				CLANG_WARN_OBJC_ROOT_CLASS = YES_ERROR;
				CLANG_WARN_UNREACHABLE_CODE = YES;
				CLANG_WARN__DUPLICATE_METHOD_MATCH = YES;
				"CODE_SIGN_IDENTITY[sdk=iphoneos*]" = "iPhone Developer";
				COPY_PHASE_STRIP = YES;
				ENABLE_NS_ASSERTIONS = NO;
				ENABLE_STRICT_OBJC_MSGSEND = YES;
				GCC_C_LANGUAGE_STANDARD = gnu99;
				GCC_WARN_64_TO_32_BIT_CONVERSION = YES;
				GCC_WARN_ABOUT_RETURN_TYPE = YES_ERROR;
				GCC_WARN_UNDECLARED_SELECTOR = YES;
				GCC_WARN_UNINITIALIZED_AUTOS = YES_AGGRESSIVE;
				GCC_WARN_UNUSED_FUNCTION = YES;
				GCC_WARN_UNUSED_VARIABLE = YES;
				IPHONEOS_DEPLOYMENT_TARGET = 8.1;
				MTL_ENABLE_DEBUG_INFO = NO;
				SDKROOT = iphoneos;
				VALIDATE_PRODUCT = YES;
			};
			name = Release;
		};
		0782068A1A1C432500293D9F /* Debug */ = {
			isa = XCBuildConfiguration;
			buildSettings = {
				ASSETCATALOG_COMPILER_APPICON_NAME = AppIcon;
				INFOPLIST_FILE = test01/Info.plist;
				LD_RUNPATH_SEARCH_PATHS = "$(inherited) @executable_path/Frameworks";
				PRODUCT_NAME = "$(TARGET_NAME)";
			};
			name = Debug;
		};
		0782068B1A1C432500293D9F /* Release */ = {
			isa = XCBuildConfiguration;
			buildSettings = {
				ASSETCATALOG_COMPILER_APPICON_NAME = AppIcon;
				INFOPLIST_FILE = test01/Info.plist;
				LD_RUNPATH_SEARCH_PATHS = "$(inherited) @executable_path/Frameworks";
				PRODUCT_NAME = "$(TARGET_NAME)";
			};
			name = Release;
		};
		0782068D1A1C432500293D9F /* Debug */ = {
			isa = XCBuildConfiguration;
			buildSettings = {
				BUNDLE_LOADER = "$(TEST_HOST)";
				FRAMEWORK_SEARCH_PATHS = (
					"$(SDKROOT)/Developer/Library/Frameworks",
					"$(inherited)",
				);
				GCC_PREPROCESSOR_DEFINITIONS = (
					"DEBUG=1",
					"$(inherited)",
				);
				INFOPLIST_FILE = test01Tests/Info.plist;
				LD_RUNPATH_SEARCH_PATHS = "$(inherited) @executable_path/Frameworks @loader_path/Frameworks";
				PRODUCT_NAME = "$(TARGET_NAME)";
				TEST_HOST = "$(BUILT_PRODUCTS_DIR)/test01.app/test01";
			};
			name = Debug;
		};
		0782068E1A1C432500293D9F /* Release */ = {
			isa = XCBuildConfiguration;
			buildSettings = {
				BUNDLE_LOADER = "$(TEST_HOST)";
				FRAMEWORK_SEARCH_PATHS = (
					"$(SDKROOT)/Developer/Library/Frameworks",
					"$(inherited)",
				);
				INFOPLIST_FILE = test01Tests/Info.plist;
				LD_RUNPATH_SEARCH_PATHS = "$(inherited) @executable_path/Frameworks @loader_path/Frameworks";
				PRODUCT_NAME = "$(TARGET_NAME)";
				TEST_HOST = "$(BUILT_PRODUCTS_DIR)/test01.app/test01";
			};
			name = Release;
		};
/* End XCBuildConfiguration section */

/* Begin XCConfigurationList section */
		078206651A1C432500293D9F /* Build configuration list for PBXProject "test01" */ = {
			isa = XCConfigurationList;
			buildConfigurations = (
				078206871A1C432500293D9F /* Debug */,
				078206881A1C432500293D9F /* Release */,
			);
			defaultConfigurationIsVisible = 0;
			defaultConfigurationName = Release;
		};
		078206891A1C432500293D9F /* Build configuration list for PBXNativeTarget "test01" */ = {
			isa = XCConfigurationList;
			buildConfigurations = (
				0782068A1A1C432500293D9F /* Debug */,
				0782068B1A1C432500293D9F /* Release */,
			);
			defaultConfigurationIsVisible = 0;
		};
		0782068C1A1C432500293D9F /* Build configuration list for PBXNativeTarget "test01Tests" */ = {
			isa = XCConfigurationList;
			buildConfigurations = (
				0782068D1A1C432500293D9F /* Debug */,
				0782068E1A1C432500293D9F /* Release */,
			);
			defaultConfigurationIsVisible = 0;
		};
/* End XCConfigurationList section */
	};
	rootObject = 078206621A1C432500293D9F /* Project object */;
}
